{
  "nodes": {
    "crane": {
      "inputs": {
        "nixpkgs": [
          "zjstatus",
          "nixpkgs"
        ]
      },
      "locked": {
        "lastModified": 1724537630,
        "narHash": "sha256-gpqINM71zp3kw5XYwUXa84ZtPnCmLLnByuFoYesT1bY=",
        "owner": "ipetkov",
        "repo": "crane",
        "rev": "3e08f4b1fc9aaede5dd511d8f5f4ef27501e49b0",
        "type": "github"
      },
      "original": {
        "owner": "ipetkov",
        "repo": "crane",
        "type": "github"
      }
    },
    "flake-compat": {
      "flake": false,
      "locked": {
        "lastModified": 1696426674,
        "narHash": "sha256-kvjfFW7WAETZlt09AgDn1MrtKzP7t90Vf7vypd3OL1U=",
        "owner": "edolstra",
        "repo": "flake-compat",
        "rev": "0f9255e01c2351cc7d116c072cb317785dd33b33",
        "type": "github"
      },
      "original": {
        "owner": "edolstra",
        "repo": "flake-compat",
        "type": "github"
      }
    },
    "flake-parts": {
      "inputs": {
        "nixpkgs-lib": [
          "nur",
          "nixpkgs"
        ]
      },
      "locked": {
        "lastModified": 1733312601,
        "narHash": "sha256-4pDvzqnegAfRkPwO3wmwBhVi/Sye1mzps0zHWYnP88c=",
        "owner": "hercules-ci",
        "repo": "flake-parts",
        "rev": "205b12d8b7cd4802fbcb8e8ef6a0f1408781a4f9",
        "type": "github"
      },
      "original": {
        "owner": "hercules-ci",
        "repo": "flake-parts",
        "type": "github"
      }
    },
    "flake-utils": {
      "inputs": {
        "systems": "systems"
      },
      "locked": {
        "lastModified": 1710146030,
        "narHash": "sha256-SZ5L6eA7HJ/nmkzGG7/ISclqe6oZdOZTNoesiInkXPQ=",
        "owner": "numtide",
        "repo": "flake-utils",
        "rev": "b1d9ab70662946ef0850d488da1c9019f3a9752a",
        "type": "github"
      },
      "original": {
        "owner": "numtide",
        "repo": "flake-utils",
        "type": "github"
      }
    },
    "home-manager": {
      "inputs": {
        "nixpkgs": [
          "nixpkgs"
        ]
      },
      "locked": {
        "lastModified": 1753387274,
        "narHash": "sha256-Y1hAI9h+9DLBbgKvZBsHaeptFIcRw4iC6ySPmzyqmlM=",
        "owner": "nix-community",
        "repo": "home-manager",
        "rev": "a35f6b60430ff0c7803bd2a727df84c87569c167",
        "type": "github"
      },
      "original": {
        "owner": "nix-community",
        "repo": "home-manager",
        "type": "github"
      }
    },
    "hyprland-contrib": {
      "inputs": {
        "nixpkgs": [
          "nixpkgs"
        ]
      },
      "locked": {
        "lastModified": 1725276753,
        "narHash": "sha256-kcV2M7xIoQvLRIrMndysM4E0d2zGSwIDejamT4LKnDg=",
        "owner": "hyprwm",
        "repo": "contrib",
        "rev": "ae618eafa81b596db034c5df1d75d4eddf785824",
        "type": "github"
      },
      "original": {
        "owner": "hyprwm",
        "repo": "contrib",
        "type": "github"
      }
    },
    "nix-darwin": {
      "inputs": {
        "nixpkgs": [
          "nixpkgs-darwin"
        ]
      },
      "locked": {
        "lastModified": 1751313918,
        "narHash": "sha256-HsJM3XLa43WpG+665aGEh8iS8AfEwOIQWk3Mke3e7nk=",
        "owner": "LnL7",
        "repo": "nix-darwin",
        "rev": "e04a388232d9a6ba56967ce5b53a8a6f713cdfcf",
        "type": "github"
      },
      "original": {
        "owner": "LnL7",
        "ref": "master",
        "repo": "nix-darwin",
        "type": "github"
      }
    },
    "nix-rosetta-builder": {
      "inputs": {
        "nixos-generators": "nixos-generators",
        "nixpkgs": [
          "nixpkgs-darwin"
        ]
      },
      "locked": {
        "lastModified": 1745249216,
        "narHash": "sha256-bNuaIdGrs8LfintWymo9KQTILwVxsw5T6zdfxZY6K0g=",
        "owner": "cpick",
        "repo": "nix-rosetta-builder",
        "rev": "5cf6aa1f3f2fbb70443d33b5ef7779b7c7063392",
        "type": "github"
      },
      "original": {
        "owner": "cpick",
        "repo": "nix-rosetta-builder",
        "type": "github"
      }
    },
    "nixlib": {
      "locked": {
        "lastModified": 1736643958,
        "narHash": "sha256-tmpqTSWVRJVhpvfSN9KXBvKEXplrwKnSZNAoNPf/S/s=",
        "owner": "nix-community",
        "repo": "nixpkgs.lib",
        "rev": "1418bc28a52126761c02dd3d89b2d8ca0f521181",
        "type": "github"
      },
      "original": {
        "owner": "nix-community",
        "repo": "nixpkgs.lib",
        "type": "github"
      }
    },
    "nixos-generators": {
      "inputs": {
        "nixlib": "nixlib",
        "nixpkgs": [
          "nix-rosetta-builder",
          "nixpkgs"
        ]
      },
      "locked": {
        "lastModified": 1737057290,
        "narHash": "sha256-3Pe0yKlCc7EOeq1X/aJVDH0CtNL+tIBm49vpepwL1MQ=",
        "owner": "nix-community",
        "repo": "nixos-generators",
        "rev": "d002ce9b6e7eb467cd1c6bb9aef9c35d191b5453",
        "type": "github"
      },
      "original": {
        "owner": "nix-community",
        "repo": "nixos-generators",
        "type": "github"
      }
    },
    "nixos-wsl": {
      "inputs": {
        "flake-compat": "flake-compat",
        "flake-utils": "flake-utils",
        "nixpkgs": [
          "nixpkgs"
        ]
      },
      "locked": {
        "lastModified": 1724664098,
        "narHash": "sha256-4SgV4jCoN5RffR1Mtn3HI1cjgHmARh+rZrpVlBclj9U=",
        "owner": "nix-community",
        "repo": "NixOS-WSL",
        "rev": "345dfa06658a37873ca18aa205f409e4aaf1caa6",
        "type": "github"
      },
      "original": {
        "owner": "nix-community",
        "repo": "NixOS-WSL",
        "type": "github"
      }
    },
    "nixpkgs": {
      "locked": {
        "lastModified": 1736798957,
        "narHash": "sha256-qwpCtZhSsSNQtK4xYGzMiyEDhkNzOCz/Vfu4oL2ETsQ=",
        "owner": "NixOS",
        "repo": "nixpkgs",
        "rev": "9abb87b552b7f55ac8916b6fc9e5cb486656a2f3",
        "type": "github"
      },
      "original": {
        "owner": "NixOS",
        "ref": "nixos-unstable",
        "repo": "nixpkgs",
        "type": "github"
      }
    },
    "nixpkgs-darwin": {
      "locked": {
        "lastModified": 1753399495,
        "narHash": "sha256-7XG/QBqhrYOyA2houjRTL2NMa7IKZZ/somBqr+Q/6Wo=",
        "owner": "NixOS",
        "repo": "nixpkgs",
        "rev": "0d00f23f023b7215b3f1035adb5247c8ec180dbc",
        "type": "github"
      },
      "original": {
        "owner": "NixOS",
        "ref": "nixpkgs-unstable",
        "repo": "nixpkgs",
        "type": "github"
      }
    },
    "nixpkgs-stable": {
      "locked": {
        "lastModified": 1725407940,
        "narHash": "sha256-tiN5Rlg/jiY0tyky+soJZoRzLKbPyIdlQ77xVgREDNM=",
        "owner": "NixOS",
        "repo": "nixpkgs",
        "rev": "6f6c45b5134a8ee2e465164811e451dcb5ad86e3",
        "type": "github"
      },
      "original": {
        "owner": "NixOS",
        "ref": "nixos-24.05",
        "repo": "nixpkgs",
        "type": "github"
      }
    },
    "nur": {
      "inputs": {
        "flake-parts": "flake-parts",
        "nixpkgs": [
          "nixpkgs"
        ],
        "treefmt-nix": "treefmt-nix"
      },
      "locked": {
        "lastModified": 1734794950,
        "narHash": "sha256-hURloV0tweRN7qQuCa1dwwxVwUxHu1WlZ3GYKccISSg=",
        "owner": "nix-community",
        "repo": "NUR",
        "rev": "911010813761636f28ddda81eb2c49faa8bc4233",
        "type": "github"
      },
      "original": {
        "owner": "nix-community",
        "repo": "NUR",
        "type": "github"
      }
    },
    "root": {
      "inputs": {
        "home-manager": "home-manager",
        "hyprland-contrib": "hyprland-contrib",
        "nix-darwin": "nix-darwin",
        "nix-rosetta-builder": "nix-rosetta-builder",
        "nixos-wsl": "nixos-wsl",
        "nixpkgs": "nixpkgs",
        "nixpkgs-darwin": "nixpkgs-darwin",
        "nixpkgs-stable": "nixpkgs-stable",
        "nur": "nur",
        "tgt": "tgt",
        "zjstatus": "zjstatus"
      }
    },
    "rust-overlay": {
      "inputs": {
        "nixpkgs": [
          "zjstatus",
          "nixpkgs"
        ]
      },
      "locked": {
        "lastModified": 1724811750,
        "narHash": "sha256-PvhVgQ1rm3gfhK7ts4emprhh/KMkFwXogmgsQ3srR7g=",
        "owner": "oxalica",
        "repo": "rust-overlay",
        "rev": "6a1c4915dca7149e7258d8c7f3ac634d8c65f6c6",
        "type": "github"
      },
      "original": {
        "owner": "oxalica",
        "repo": "rust-overlay",
        "type": "github"
      }
    },
    "systems": {
      "locked": {
        "lastModified": 1681028828,
        "narHash": "sha256-Vy1rq5AaRuLzOxct8nz4T6wlgyUR7zLU309k9mBC768=",
        "owner": "nix-systems",
        "repo": "default",
        "rev": "da67096a3b9bf56a91d16901293e51ba5b49a27e",
        "type": "github"
      },
      "original": {
        "owner": "nix-systems",
        "repo": "default",
        "type": "github"
      }
    },
    "tgt": {
      "inputs": {
        "nixpkgs": [
          "nixpkgs"
        ]
      },
      "locked": {
        "lastModified": 1741936433,
        "narHash": "sha256-P+KBhq59zOZmpmDzvlobLdlRmNVJTy7ADYnqE0Hf1ko=",
        "owner": "FedericoBruzzone",
        "repo": "tgt",
        "rev": "8f0dc98c359293701cc44df234bcac6b9f565cb1",
        "type": "github"
      },
      "original": {
        "owner": "FedericoBruzzone",
        "repo": "tgt",
        "type": "github"
      }
    },
    "treefmt-nix": {
      "inputs": {
        "nixpkgs": [
          "nur",
          "nixpkgs"
        ]
      },
      "locked": {
        "lastModified": 1733222881,
        "narHash": "sha256-JIPcz1PrpXUCbaccEnrcUS8jjEb/1vJbZz5KkobyFdM=",
        "owner": "numtide",
        "repo": "treefmt-nix",
        "rev": "49717b5af6f80172275d47a418c9719a31a78b53",
        "type": "github"
      },
      "original": {
        "owner": "numtide",
        "repo": "treefmt-nix",
        "type": "github"
      }
    },
    "zjstatus": {
      "inputs": {
        "crane": "crane",
        "flake-utils": [
          "nixos-wsl",
          "flake-utils"
        ],
        "nixpkgs": [
          "nixpkgs"
        ],
        "rust-overlay": "rust-overlay"
      },
      "locked": {
        "lastModified": 1724858904,
        "narHash": "sha256-QGzfl4YHTl/HuYy6oe/OqAX8xViYht1BCCIpWq7uH5U=",
        "owner": "dj95",
        "repo": "zjstatus",
        "rev": "b2f15019bdfc04f65cac7cd073418ac6ad4dbddc",
        "type": "github"
      },
      "original": {
        "owner": "dj95",
        "repo": "zjstatus",
        "type": "github"
      }
    }
  },
  "root": "root",
  "version": 7
}
